
Microsoft Visual Studio Solution File, Format Version 12.00
# Visual Studio 15
VisualStudioVersion = 15.0.28010.2016
MinimumVisualStudioVersion = 10.0.40219.1
Project("{8BC9CEB8-8B4A-11D0-8D11-00A0C91BC942}") = "PP01.HelloSDL", "PP01.HelloSDL\PP01.HelloSDL.vcxproj", "{6EDE2A85-108E-49D5-9C4D-13290B914474}"
EndProject
Global
	GlobalSection(SolutionConfigurationPlatforms) = preSolution
		Debug|x64 = Debug|x64
		Debug|x86 = Debug|x86
		Release|x64 = Release|x64
		Release|x86 = Release|x86
	EndGlobalSection
	GlobalSection(ProjectConfigurationPlatforms) = postSolution
		{6EDE2A85-108E-49D5-9C4D-13290B914474}.Debug|x64.ActiveCfg = Debug|x64
		{6EDE2A85-108E-49D5-9C4D-13290B914474}.Debug|x64.Build.0 = Debug|x64
		{6EDE2A85-108E-49D5-9C4D-13290B914474}.Debug|x86.ActiveCfg = Debug|Win32
		{6EDE2A85-108E-49D5-9C4D-13290B914474}.Debug|x86.Build.0 = Debug|Win32
		{6EDE2A85-108E-49D5-9C4D-13290B914474}.Release|x64.ActiveCfg = Release|x64
		{6EDE2A85-108E-49D5-9C4D-13290B914474}.Release|x64.Build.0 = Release|x64
		{6EDE2A85-108E-49D5-9C4D-13290B914474}.Release|x86.ActiveCfg = Release|Win32
		{6EDE2A85-108E-49D5-9C4D-13290B914474}.Release|x86.Build.0 = Release|Win32
	EndGlobalSection
	GlobalSection(SolutionProperties) = preSolution
		HideSolutionNode = FALSE
	EndGlobalSection
	GlobalSection(ExtensibilityGlobals) = postSolution
		SolutionGuid = {3B60370B-AB70-425C-84A2-7AC28EE4B6B8}
	EndGlobalSection
EndGlobal
